{
	"name": "lsp--sample",
	"version": "0.0.1",
	"lockfileVersion": 1,
	"requires": true,
	"dependencies": {
		"@types/mocha": {
			"version": "2.2.44",
			"resolved": "https://registry.npmjs.org/@types/mocha/-/mocha-2.2.44.tgz",
			"integrity": "sha512-k2tWTQU8G4+iSMvqKi0Q9IIsWAp/n8xzdZS4Q4YVIltApoMA00wFBFdlJnmoaK1/z7B0Cy0yPe6GgXteSmdUNw==",
			"dev": true
		},
		"@types/node": {
			"version": "6.0.92",
			"resolved": "https://registry.npmjs.org/@types/node/-/node-6.0.92.tgz",
			"integrity": "sha512-awEYSSTn7dauwVCYSx2CJaPTu0Z1Ht2oR1b2AD3CYao6ZRb+opb6EL43fzmD7eMFgMHzTBWSUzlWSD+S8xN0Nw==",
			"dev": true
		},
		"@types/yargs": {
			"version": "10.0.0",
			"resolved": "https://registry.npmjs.org/@types/yargs/-/yargs-10.0.0.tgz",
			"integrity": "sha512-c1v82fFxticW/Iy49M8tbYy/4OTxuNAZHBVJTFlTYiW6JZrZxA0Yepj8c8qHgS3ZUxqW8M49awWaaF1DUJf/Ow=="
		},
		"typescript": {
			"version": "2.6.2",
			"resolved": "https://registry.npmjs.org/typescript/-/typescript-2.6.2.tgz",
			"integrity": "sha1-PFtv1/beCRQmkCfwPAlGdY92c6Q=",
			"dev": true
		}
	}
}
